<?xml version="1.0" encoding="UTF-8"?>
<Scheme
   LastUpgradeVersion = "1150"
   version = "1.3">
   <BuildAction
      parallelizeBuildables = "YES"
      buildImplicitDependencies = "YES">
      <BuildActionEntries>
         <BuildActionEntry
            buildForTesting = "YES"
            buildForRunning = "YES"
            buildForProfiling = "YES"
            buildForArchiving = "YES"
            buildForAnalyzing = "YES">
            <BuildableReference
               BuildableIdentifier = "primary"
               BlueprintIdentifier = "SwiftFFmpegExamples"
               BuildableName = "SwiftFFmpegExamples"
               BlueprintName = "SwiftFFmpegExamples"
               ReferencedContainer = "container:">
            </BuildableReference>
         </BuildActionEntry>
         <BuildActionEntry
            buildForTesting = "YES"
            buildForRunning = "YES"
            buildForProfiling = "NO"
            buildForArchiving = "NO"
            buildForAnalyzing = "YES">
            <BuildableReference
               BuildableIdentifier = "primary"
               BlueprintIdentifier = "SwiftFFmpegTests"
               BuildableName = "SwiftFFmpegTests"
               BlueprintName = "SwiftFFmpegTests"
               ReferencedContainer = "container:">
            </BuildableReference>
         </BuildActionEntry>
      </BuildActionEntries>
   </BuildAction>
   <TestAction
      buildConfiguration = "Debug"
      selectedDebuggerIdentifier = "Xcode.DebuggerFoundation.Debugger.LLDB"
      selectedLauncherIdentifier = "Xcode.DebuggerFoundation.Launcher.LLDB"
      shouldUseLaunchSchemeArgsEnv = "YES">
      <Testables>
         <TestableReference
            skipped = "NO">
            <BuildableReference
               BuildableIdentifier = "primary"
               BlueprintIdentifier = "SwiftFFmpegTests"
               BuildableName = "SwiftFFmpegTests"
               BlueprintName = "SwiftFFmpegTests"
               ReferencedContainer = "container:">
            </BuildableReference>
         </TestableReference>
      </Testables>
   </TestAction>
   <LaunchAction
      buildConfiguration = "Debug"
      selectedDebuggerIdentifier = "Xcode.DebuggerFoundation.Debugger.LLDB"
      selectedLauncherIdentifier = "Xcode.DebuggerFoundation.Launcher.LLDB"
      launchStyle = "0"
      useCustomWorkingDirectory = "NO"
      ignoresPersistentStateOnLaunch = "NO"
      debugDocumentVersioning = "YES"
      debugServiceExtension = "internal"
      allowLocationSimulation = "YES">
      <BuildableProductRunnable
         runnableDebuggingMode = "0">
         <BuildableReference
            BuildableIdentifier = "primary"
            BlueprintIdentifier = "SwiftFFmpegExamples"
            BuildableName = "SwiftFFmpegExamples"
            BlueprintName = "SwiftFFmpegExamples"
            ReferencedContainer = "container:">
         </BuildableReference>
      </BuildableProductRunnable>
      <CommandLineArguments>
         <CommandLineArgument
            argument = "remuxing /Users/sun/AV/1594183548.mp4 /Users/sun/AV/1594183548_chapter.mp4"
            isEnabled = "NO">
         </CommandLineArgument>
         <CommandLineArgument
            argument = "rtsp"
            isEnabled = "NO">
         </CommandLineArgument>
         <CommandLineArgument
            argument = "metadata /Users/sun/AV/1594183548_chapter.mp4"
            isEnabled = "NO">
         </CommandLineArgument>
         <CommandLineArgument
            argument = "metadata /Users/sun/AV/test.mp4"
            isEnabled = "NO">
         </CommandLineArgument>
         <CommandLineArgument
            argument = "filter_audio 10"
            isEnabled = "NO">
         </CommandLineArgument>
         <CommandLineArgument
            argument = "decode_video &apos;/Users/sun/AV/test.h264&apos; &apos;/Users/sun/AV/img/img&apos;"
            isEnabled = "NO">
         </CommandLineArgument>
         <CommandLineArgument
            argument = "decode_audio &apos;/Users/sun/AV/test.mp2&apos; &apos;/Users/sun/AV/test.pcm&apos;"
            isEnabled = "NO">
         </CommandLineArgument>
         <CommandLineArgument
            argument = "resampling_audio &apos;/Users/sunlubo/AV/test2.pcm&apos;"
            isEnabled = "YES">
         </CommandLineArgument>
         <CommandLineArgument
            argument = "bsf"
            isEnabled = "NO">
         </CommandLineArgument>
         <CommandLineArgument
            argument = "filtering_video /Users/sunlubo/AV/BoML.mp4"
            isEnabled = "NO">
         </CommandLineArgument>
      </CommandLineArguments>
   </LaunchAction>
   <ProfileAction
      buildConfiguration = "Release"
      shouldUseLaunchSchemeArgsEnv = "YES"
      savedToolIdentifier = ""
      useCustomWorkingDirectory = "NO"
      debugDocumentVersioning = "YES">
      <BuildableProductRunnable
         runnableDebuggingMode = "0">
         <BuildableReference
            BuildableIdentifier = "primary"
            BlueprintIdentifier = "SwiftFFmpegExamples"
            BuildableName = "SwiftFFmpegExamples"
            BlueprintName = "SwiftFFmpegExamples"
            ReferencedContainer = "container:">
         </BuildableReference>
      </BuildableProductRunnable>
   </ProfileAction>
   <AnalyzeAction
      buildConfiguration = "Debug">
   </AnalyzeAction>
   <ArchiveAction
      buildConfiguration = "Release"
      revealArchiveInOrganizer = "YES">
   </ArchiveAction>
</Scheme>
